
Microsoft Visual Studio Solution File, Format Version 12.00
# Visual Studio 2013
VisualStudioVersion = 12.0.40629.0
MinimumVisualStudioVersion = 10.0.40219.1
Project("{FAE04EC0-301F-11D3-BF4B-00C04F79EFBC}") = "HelloWorld", "HelloWorld\HelloWorld.csproj", "{40AFC610-2597-4CC9-A6C4-67E1E04F6558}"
EndProject
Project("{FAE04EC0-301F-11D3-BF4B-00C04F79EFBC}") = "prog52a", "prog52a\prog52a.csproj", "{D4AAB66E-778D-4244-A9AA-5AD2D06A9005}"
EndProject
Project("{FAE04EC0-301F-11D3-BF4B-00C04F79EFBC}") = "prog54b", "prog54b\prog54b.csproj", "{D402419E-787F-4481-8825-7CAFD224FBDC}"
EndProject
Project("{FAE04EC0-301F-11D3-BF4B-00C04F79EFBC}") = "prog54c", "prog54c\prog54c.csproj", "{AFF500EB-9531-4CC9-AC8F-F2E4F1C60CDD}"
EndProject
Project("{FAE04EC0-301F-11D3-BF4B-00C04F79EFBC}") = "prog54d", "prog54d\prog54d.csproj", "{E1984CF9-87B5-4C21-8CF8-0A944671A2F9}"
EndProject
Project("{FAE04EC0-301F-11D3-BF4B-00C04F79EFBC}") = "Prog54a", "Prog54a\Prog54a.csproj", "{27642ECF-1E68-45B7-B9A5-68DBD22B5907}"
EndProject
Project("{FAE04EC0-301F-11D3-BF4B-00C04F79EFBC}") = "FavoriteClub", "FavoriteClub\FavoriteClub.csproj", "{3EC7ABD2-518E-4283-8B5B-1F80306EEC93}"
EndProject
Global
	GlobalSection(SolutionConfigurationPlatforms) = preSolution
		Debug|Any CPU = Debug|Any CPU
		Release|Any CPU = Release|Any CPU
	EndGlobalSection
	GlobalSection(ProjectConfigurationPlatforms) = postSolution
		{40AFC610-2597-4CC9-A6C4-67E1E04F6558}.Debug|Any CPU.ActiveCfg = Debug|Any CPU
		{40AFC610-2597-4CC9-A6C4-67E1E04F6558}.Debug|Any CPU.Build.0 = Debug|Any CPU
		{40AFC610-2597-4CC9-A6C4-67E1E04F6558}.Release|Any CPU.ActiveCfg = Release|Any CPU
		{40AFC610-2597-4CC9-A6C4-67E1E04F6558}.Release|Any CPU.Build.0 = Release|Any CPU
		{D4AAB66E-778D-4244-A9AA-5AD2D06A9005}.Debug|Any CPU.ActiveCfg = Debug|Any CPU
		{D4AAB66E-778D-4244-A9AA-5AD2D06A9005}.Debug|Any CPU.Build.0 = Debug|Any CPU
		{D4AAB66E-778D-4244-A9AA-5AD2D06A9005}.Release|Any CPU.ActiveCfg = Release|Any CPU
		{D4AAB66E-778D-4244-A9AA-5AD2D06A9005}.Release|Any CPU.Build.0 = Release|Any CPU
		{D402419E-787F-4481-8825-7CAFD224FBDC}.Debug|Any CPU.ActiveCfg = Debug|Any CPU
		{D402419E-787F-4481-8825-7CAFD224FBDC}.Debug|Any CPU.Build.0 = Debug|Any CPU
		{D402419E-787F-4481-8825-7CAFD224FBDC}.Release|Any CPU.ActiveCfg = Release|Any CPU
		{D402419E-787F-4481-8825-7CAFD224FBDC}.Release|Any CPU.Build.0 = Release|Any CPU
		{AFF500EB-9531-4CC9-AC8F-F2E4F1C60CDD}.Debug|Any CPU.ActiveCfg = Debug|Any CPU
		{AFF500EB-9531-4CC9-AC8F-F2E4F1C60CDD}.Debug|Any CPU.Build.0 = Debug|Any CPU
		{AFF500EB-9531-4CC9-AC8F-F2E4F1C60CDD}.Release|Any CPU.ActiveCfg = Release|Any CPU
		{AFF500EB-9531-4CC9-AC8F-F2E4F1C60CDD}.Release|Any CPU.Build.0 = Release|Any CPU
		{E1984CF9-87B5-4C21-8CF8-0A944671A2F9}.Debug|Any CPU.ActiveCfg = Debug|Any CPU
		{E1984CF9-87B5-4C21-8CF8-0A944671A2F9}.Debug|Any CPU.Build.0 = Debug|Any CPU
		{E1984CF9-87B5-4C21-8CF8-0A944671A2F9}.Release|Any CPU.ActiveCfg = Release|Any CPU
		{E1984CF9-87B5-4C21-8CF8-0A944671A2F9}.Release|Any CPU.Build.0 = Release|Any CPU
		{27642ECF-1E68-45B7-B9A5-68DBD22B5907}.Debug|Any CPU.ActiveCfg = Debug|Any CPU
		{27642ECF-1E68-45B7-B9A5-68DBD22B5907}.Debug|Any CPU.Build.0 = Debug|Any CPU
		{27642ECF-1E68-45B7-B9A5-68DBD22B5907}.Release|Any CPU.ActiveCfg = Release|Any CPU
		{27642ECF-1E68-45B7-B9A5-68DBD22B5907}.Release|Any CPU.Build.0 = Release|Any CPU
		{3EC7ABD2-518E-4283-8B5B-1F80306EEC93}.Debug|Any CPU.ActiveCfg = Debug|Any CPU
		{3EC7ABD2-518E-4283-8B5B-1F80306EEC93}.Debug|Any CPU.Build.0 = Debug|Any CPU
		{3EC7ABD2-518E-4283-8B5B-1F80306EEC93}.Release|Any CPU.ActiveCfg = Release|Any CPU
		{3EC7ABD2-518E-4283-8B5B-1F80306EEC93}.Release|Any CPU.Build.0 = Release|Any CPU
	EndGlobalSection
	GlobalSection(SolutionProperties) = preSolution
		HideSolutionNode = FALSE
	EndGlobalSection
EndGlobal
