
Microsoft Visual Studio Solution File, Format Version 12.00
# Visual Studio 2013
VisualStudioVersion = 12.0.40629.0
MinimumVisualStudioVersion = 10.0.40219.1
Project("{FAE04EC0-301F-11D3-BF4B-00C04F79EFBC}") = "HelloWorld", "HelloWorld\HelloWorld.csproj", "{40AFC610-2597-4CC9-A6C4-67E1E04F6558}"
EndProject
Project("{FAE04EC0-301F-11D3-BF4B-00C04F79EFBC}") = "prog52a", "prog52a\prog52a.csproj", "{D4AAB66E-778D-4244-A9AA-5AD2D06A9005}"
EndProject
Project("{FAE04EC0-301F-11D3-BF4B-00C04F79EFBC}") = "prog54b", "prog54b\prog54b.csproj", "{D402419E-787F-4481-8825-7CAFD224FBDC}"
EndProject
Project("{FAE04EC0-301F-11D3-BF4B-00C04F79EFBC}") = "prog54c", "prog54c\prog54c.csproj", "{AFF500EB-9531-4CC9-AC8F-F2E4F1C60CDD}"
EndProject
Project("{FAE04EC0-301F-11D3-BF4B-00C04F79EFBC}") = "prog54d", "prog54d\prog54d.csproj", "{E1984CF9-87B5-4C21-8CF8-0A944671A2F9}"
EndProject
Project("{FAE04EC0-301F-11D3-BF4B-00C04F79EFBC}") = "Prog54a", "Prog54a\Prog54a.csproj", "{27642ECF-1E68-45B7-B9A5-68DBD22B5907}"
EndProject
Project("{FAE04EC0-301F-11D3-BF4B-00C04F79EFBC}") = "FavoriteClub", "FavoriteClub\FavoriteClub.csproj", "{3EC7ABD2-518E-4283-8B5B-1F80306EEC93}"
EndProject
Project("{FAE04EC0-301F-11D3-BF4B-00C04F79EFBC}") = "prog88a", "prog88a\prog88a.csproj", "{360285DB-B8D9-4D57-A82A-E59DF0659018}"
EndProject
Project("{FAE04EC0-301F-11D3-BF4B-00C04F79EFBC}") = "LP 4-5", "LP 4-5\LP 4-5.csproj", "{8E8F44D0-54E2-4DC6-B875-43EC56BAE7EE}"
EndProject
Project("{FAE04EC0-301F-11D3-BF4B-00C04F79EFBC}") = "LP 4-1", "LP 4-1\LP 4-1.csproj", "{C16CBB46-2DB5-4A96-AA7A-FD03B1C24F1B}"
EndProject
Project("{FAE04EC0-301F-11D3-BF4B-00C04F79EFBC}") = "prog85c", "prog85c\prog85c.csproj", "{AB784752-11D5-462C-89E6-DE663390C3C2}"
EndProject
Project("{FAE04EC0-301F-11D3-BF4B-00C04F79EFBC}") = "LP 4-2", "LP 4-2\LP 4-2.csproj", "{C09CE688-D874-4DBE-8489-EB4D6710D288}"
EndProject
Project("{FAE04EC0-301F-11D3-BF4B-00C04F79EFBC}") = "prog266", "prog266\prog266.csproj", "{57DC8457-1C41-4C34-AC4E-96D3A9517577}"
EndProject
Project("{FAE04EC0-301F-11D3-BF4B-00C04F79EFBC}") = "prog273 BookClubPoints", "prog273 BookClubPoints\prog273 BookClubPoints.csproj", "{1E20C06A-9E9B-4B74-A52C-D00E8BDD42FA}"
EndProject
Project("{FAE04EC0-301F-11D3-BF4B-00C04F79EFBC}") = "prog266 Form", "prog266 Form\prog266 Form.csproj", "{91863B96-BA10-47E7-803E-955DD4C9CD96}"
EndProject
Project("{FAE04EC0-301F-11D3-BF4B-00C04F79EFBC}") = "prog273 BookClubPoints Form", "prog273 BookClubPoints Form\prog273 BookClubPoints Form.csproj", "{B7EF9D44-23BD-481A-9BA6-58F59C9CC177}"
EndProject
Project("{FAE04EC0-301F-11D3-BF4B-00C04F79EFBC}") = "prog273 MassAndWeight Form", "prog273 MassAndWeight Form\prog273 MassAndWeight Form.csproj", "{F285396C-1FCB-404B-AE57-488DA8D5BD09}"
EndProject
Project("{FAE04EC0-301F-11D3-BF4B-00C04F79EFBC}") = "prog535 CatchMe Form", "prog535 CatchMe Form\prog535 CatchMe Form.csproj", "{578D46C3-983A-493D-8DF8-85D77BCB5815}"
EndProject
Project("{FAE04EC0-301F-11D3-BF4B-00C04F79EFBC}") = "prog122a Form", "prog122a Form\prog122a Form.csproj", "{7E36B643-51AB-4170-A0E1-96207DF8722C}"
EndProject
Project("{FAE04EC0-301F-11D3-BF4B-00C04F79EFBC}") = "prog310a Form", "prog310a Form\prog310a Form.csproj", "{53BBC97F-75E1-4C22-8E02-6157115D7FBB}"
EndProject
Project("{FAE04EC0-301F-11D3-BF4B-00C04F79EFBC}") = "prog122b Form", "prog122b Form\prog122b Form.csproj", "{23CF9A01-9107-4871-A5A9-4D8BB49B6491}"
EndProject
Project("{FAE04EC0-301F-11D3-BF4B-00C04F79EFBC}") = "prog347 Sum Form", "prog347 Sum Form\prog347 Sum Form.csproj", "{77474C76-DA3B-4074-9F5A-84C59BF445F7}"
EndProject
Project("{FAE04EC0-301F-11D3-BF4B-00C04F79EFBC}") = "prog435 TicketSales Form", "prog435 TicketSales Form\prog435 TicketSales Form.csproj", "{16F7BDA5-15C2-452A-B4B7-1F51031A96DE}"
EndProject
Project("{FAE04EC0-301F-11D3-BF4B-00C04F79EFBC}") = "CalcWithFunctions", "ConsoleApplication1\CalcWithFunctions.csproj", "{C9A38463-07FA-41E3-9C8A-A73307F5B662}"
EndProject
Project("{FAE04EC0-301F-11D3-BF4B-00C04F79EFBC}") = "prog366b", "prog366b\prog366b.csproj", "{D33E7364-8D08-496D-BA09-1D18680D9A4E}"
EndProject
Project("{FAE04EC0-301F-11D3-BF4B-00C04F79EFBC}") = "Final Programing 2 Project", "Final Programing 2 Project\Final Programing 2 Project.csproj", "{6DEC9C6B-6E63-4145-84F3-ADBA83D0AF34}"
EndProject
Project("{FAE04EC0-301F-11D3-BF4B-00C04F79EFBC}") = "prog122d Form", "prog122d Form\prog122d Form.csproj", "{7A50E0F1-2C30-4037-AB7F-BD65D2C0B477}"
EndProject
Project("{FAE04EC0-301F-11D3-BF4B-00C04F79EFBC}") = "prog334 LoanCalculator Form", "prog334 LoanCalculator Form\prog334 LoanCalculator Form.csproj", "{CEFFB77E-55DC-4AF2-98DC-E0FCB680D546}"
EndProject
Project("{FAE04EC0-301F-11D3-BF4B-00C04F79EFBC}") = "prog498 Payroll Form", "prog498 Payroll Form\prog498 Payroll Form.csproj", "{0443AA37-076A-4F41-85F7-695B2E9CE5A2}"
EndProject
Project("{FAE04EC0-301F-11D3-BF4B-00C04F79EFBC}") = "StrInterview 7", "StrInterview 7\StrInterview 7.csproj", "{C78636DD-51F5-49F9-AE36-191A7B2DF0E2}"
EndProject
Project("{FAE04EC0-301F-11D3-BF4B-00C04F79EFBC}") = "StrInterview 16", "StrInterview 16\StrInterview 16.csproj", "{A1F3A589-9272-482A-A6A2-2FFF1C59C331}"
EndProject
Project("{FAE04EC0-301F-11D3-BF4B-00C04F79EFBC}") = "prog514 SalesData Form", "prog514 SalesData Form\prog514 SalesData Form.csproj", "{4CA52CD0-70CA-4D05-95EA-E1C3A1A6F00C}"
EndProject
Global
	GlobalSection(SolutionConfigurationPlatforms) = preSolution
		Debug|Any CPU = Debug|Any CPU
		Release|Any CPU = Release|Any CPU
	EndGlobalSection
	GlobalSection(ProjectConfigurationPlatforms) = postSolution
		{40AFC610-2597-4CC9-A6C4-67E1E04F6558}.Debug|Any CPU.ActiveCfg = Debug|Any CPU
		{40AFC610-2597-4CC9-A6C4-67E1E04F6558}.Debug|Any CPU.Build.0 = Debug|Any CPU
		{40AFC610-2597-4CC9-A6C4-67E1E04F6558}.Release|Any CPU.ActiveCfg = Release|Any CPU
		{40AFC610-2597-4CC9-A6C4-67E1E04F6558}.Release|Any CPU.Build.0 = Release|Any CPU
		{D4AAB66E-778D-4244-A9AA-5AD2D06A9005}.Debug|Any CPU.ActiveCfg = Debug|Any CPU
		{D4AAB66E-778D-4244-A9AA-5AD2D06A9005}.Debug|Any CPU.Build.0 = Debug|Any CPU
		{D4AAB66E-778D-4244-A9AA-5AD2D06A9005}.Release|Any CPU.ActiveCfg = Release|Any CPU
		{D4AAB66E-778D-4244-A9AA-5AD2D06A9005}.Release|Any CPU.Build.0 = Release|Any CPU
		{D402419E-787F-4481-8825-7CAFD224FBDC}.Debug|Any CPU.ActiveCfg = Debug|Any CPU
		{D402419E-787F-4481-8825-7CAFD224FBDC}.Debug|Any CPU.Build.0 = Debug|Any CPU
		{D402419E-787F-4481-8825-7CAFD224FBDC}.Release|Any CPU.ActiveCfg = Release|Any CPU
		{D402419E-787F-4481-8825-7CAFD224FBDC}.Release|Any CPU.Build.0 = Release|Any CPU
		{AFF500EB-9531-4CC9-AC8F-F2E4F1C60CDD}.Debug|Any CPU.ActiveCfg = Debug|Any CPU
		{AFF500EB-9531-4CC9-AC8F-F2E4F1C60CDD}.Debug|Any CPU.Build.0 = Debug|Any CPU
		{AFF500EB-9531-4CC9-AC8F-F2E4F1C60CDD}.Release|Any CPU.ActiveCfg = Release|Any CPU
		{AFF500EB-9531-4CC9-AC8F-F2E4F1C60CDD}.Release|Any CPU.Build.0 = Release|Any CPU
		{E1984CF9-87B5-4C21-8CF8-0A944671A2F9}.Debug|Any CPU.ActiveCfg = Debug|Any CPU
		{E1984CF9-87B5-4C21-8CF8-0A944671A2F9}.Debug|Any CPU.Build.0 = Debug|Any CPU
		{E1984CF9-87B5-4C21-8CF8-0A944671A2F9}.Release|Any CPU.ActiveCfg = Release|Any CPU
		{E1984CF9-87B5-4C21-8CF8-0A944671A2F9}.Release|Any CPU.Build.0 = Release|Any CPU
		{27642ECF-1E68-45B7-B9A5-68DBD22B5907}.Debug|Any CPU.ActiveCfg = Debug|Any CPU
		{27642ECF-1E68-45B7-B9A5-68DBD22B5907}.Debug|Any CPU.Build.0 = Debug|Any CPU
		{27642ECF-1E68-45B7-B9A5-68DBD22B5907}.Release|Any CPU.ActiveCfg = Release|Any CPU
		{27642ECF-1E68-45B7-B9A5-68DBD22B5907}.Release|Any CPU.Build.0 = Release|Any CPU
		{3EC7ABD2-518E-4283-8B5B-1F80306EEC93}.Debug|Any CPU.ActiveCfg = Debug|Any CPU
		{3EC7ABD2-518E-4283-8B5B-1F80306EEC93}.Debug|Any CPU.Build.0 = Debug|Any CPU
		{3EC7ABD2-518E-4283-8B5B-1F80306EEC93}.Release|Any CPU.ActiveCfg = Release|Any CPU
		{3EC7ABD2-518E-4283-8B5B-1F80306EEC93}.Release|Any CPU.Build.0 = Release|Any CPU
		{360285DB-B8D9-4D57-A82A-E59DF0659018}.Debug|Any CPU.ActiveCfg = Debug|Any CPU
		{360285DB-B8D9-4D57-A82A-E59DF0659018}.Debug|Any CPU.Build.0 = Debug|Any CPU
		{360285DB-B8D9-4D57-A82A-E59DF0659018}.Release|Any CPU.ActiveCfg = Release|Any CPU
		{360285DB-B8D9-4D57-A82A-E59DF0659018}.Release|Any CPU.Build.0 = Release|Any CPU
		{8E8F44D0-54E2-4DC6-B875-43EC56BAE7EE}.Debug|Any CPU.ActiveCfg = Debug|Any CPU
		{8E8F44D0-54E2-4DC6-B875-43EC56BAE7EE}.Debug|Any CPU.Build.0 = Debug|Any CPU
		{8E8F44D0-54E2-4DC6-B875-43EC56BAE7EE}.Release|Any CPU.ActiveCfg = Release|Any CPU
		{8E8F44D0-54E2-4DC6-B875-43EC56BAE7EE}.Release|Any CPU.Build.0 = Release|Any CPU
		{C16CBB46-2DB5-4A96-AA7A-FD03B1C24F1B}.Debug|Any CPU.ActiveCfg = Debug|Any CPU
		{C16CBB46-2DB5-4A96-AA7A-FD03B1C24F1B}.Debug|Any CPU.Build.0 = Debug|Any CPU
		{C16CBB46-2DB5-4A96-AA7A-FD03B1C24F1B}.Release|Any CPU.ActiveCfg = Release|Any CPU
		{C16CBB46-2DB5-4A96-AA7A-FD03B1C24F1B}.Release|Any CPU.Build.0 = Release|Any CPU
		{AB784752-11D5-462C-89E6-DE663390C3C2}.Debug|Any CPU.ActiveCfg = Debug|Any CPU
		{AB784752-11D5-462C-89E6-DE663390C3C2}.Debug|Any CPU.Build.0 = Debug|Any CPU
		{AB784752-11D5-462C-89E6-DE663390C3C2}.Release|Any CPU.ActiveCfg = Release|Any CPU
		{AB784752-11D5-462C-89E6-DE663390C3C2}.Release|Any CPU.Build.0 = Release|Any CPU
		{C09CE688-D874-4DBE-8489-EB4D6710D288}.Debug|Any CPU.ActiveCfg = Debug|Any CPU
		{C09CE688-D874-4DBE-8489-EB4D6710D288}.Debug|Any CPU.Build.0 = Debug|Any CPU
		{C09CE688-D874-4DBE-8489-EB4D6710D288}.Release|Any CPU.ActiveCfg = Release|Any CPU
		{C09CE688-D874-4DBE-8489-EB4D6710D288}.Release|Any CPU.Build.0 = Release|Any CPU
		{57DC8457-1C41-4C34-AC4E-96D3A9517577}.Debug|Any CPU.ActiveCfg = Debug|Any CPU
		{57DC8457-1C41-4C34-AC4E-96D3A9517577}.Debug|Any CPU.Build.0 = Debug|Any CPU
		{57DC8457-1C41-4C34-AC4E-96D3A9517577}.Release|Any CPU.ActiveCfg = Release|Any CPU
		{57DC8457-1C41-4C34-AC4E-96D3A9517577}.Release|Any CPU.Build.0 = Release|Any CPU
		{1E20C06A-9E9B-4B74-A52C-D00E8BDD42FA}.Debug|Any CPU.ActiveCfg = Debug|Any CPU
		{1E20C06A-9E9B-4B74-A52C-D00E8BDD42FA}.Debug|Any CPU.Build.0 = Debug|Any CPU
		{1E20C06A-9E9B-4B74-A52C-D00E8BDD42FA}.Release|Any CPU.ActiveCfg = Release|Any CPU
		{1E20C06A-9E9B-4B74-A52C-D00E8BDD42FA}.Release|Any CPU.Build.0 = Release|Any CPU
		{91863B96-BA10-47E7-803E-955DD4C9CD96}.Debug|Any CPU.ActiveCfg = Debug|Any CPU
		{91863B96-BA10-47E7-803E-955DD4C9CD96}.Debug|Any CPU.Build.0 = Debug|Any CPU
		{91863B96-BA10-47E7-803E-955DD4C9CD96}.Release|Any CPU.ActiveCfg = Release|Any CPU
		{91863B96-BA10-47E7-803E-955DD4C9CD96}.Release|Any CPU.Build.0 = Release|Any CPU
		{B7EF9D44-23BD-481A-9BA6-58F59C9CC177}.Debug|Any CPU.ActiveCfg = Debug|Any CPU
		{B7EF9D44-23BD-481A-9BA6-58F59C9CC177}.Debug|Any CPU.Build.0 = Debug|Any CPU
		{B7EF9D44-23BD-481A-9BA6-58F59C9CC177}.Release|Any CPU.ActiveCfg = Release|Any CPU
		{B7EF9D44-23BD-481A-9BA6-58F59C9CC177}.Release|Any CPU.Build.0 = Release|Any CPU
		{F285396C-1FCB-404B-AE57-488DA8D5BD09}.Debug|Any CPU.ActiveCfg = Debug|Any CPU
		{F285396C-1FCB-404B-AE57-488DA8D5BD09}.Debug|Any CPU.Build.0 = Debug|Any CPU
		{F285396C-1FCB-404B-AE57-488DA8D5BD09}.Release|Any CPU.ActiveCfg = Release|Any CPU
		{F285396C-1FCB-404B-AE57-488DA8D5BD09}.Release|Any CPU.Build.0 = Release|Any CPU
		{578D46C3-983A-493D-8DF8-85D77BCB5815}.Debug|Any CPU.ActiveCfg = Debug|Any CPU
		{578D46C3-983A-493D-8DF8-85D77BCB5815}.Debug|Any CPU.Build.0 = Debug|Any CPU
		{578D46C3-983A-493D-8DF8-85D77BCB5815}.Release|Any CPU.ActiveCfg = Release|Any CPU
		{578D46C3-983A-493D-8DF8-85D77BCB5815}.Release|Any CPU.Build.0 = Release|Any CPU
		{7E36B643-51AB-4170-A0E1-96207DF8722C}.Debug|Any CPU.ActiveCfg = Debug|Any CPU
		{7E36B643-51AB-4170-A0E1-96207DF8722C}.Debug|Any CPU.Build.0 = Debug|Any CPU
		{7E36B643-51AB-4170-A0E1-96207DF8722C}.Release|Any CPU.ActiveCfg = Release|Any CPU
		{7E36B643-51AB-4170-A0E1-96207DF8722C}.Release|Any CPU.Build.0 = Release|Any CPU
		{53BBC97F-75E1-4C22-8E02-6157115D7FBB}.Debug|Any CPU.ActiveCfg = Debug|Any CPU
		{53BBC97F-75E1-4C22-8E02-6157115D7FBB}.Debug|Any CPU.Build.0 = Debug|Any CPU
		{53BBC97F-75E1-4C22-8E02-6157115D7FBB}.Release|Any CPU.ActiveCfg = Release|Any CPU
		{53BBC97F-75E1-4C22-8E02-6157115D7FBB}.Release|Any CPU.Build.0 = Release|Any CPU
		{23CF9A01-9107-4871-A5A9-4D8BB49B6491}.Debug|Any CPU.ActiveCfg = Debug|Any CPU
		{23CF9A01-9107-4871-A5A9-4D8BB49B6491}.Debug|Any CPU.Build.0 = Debug|Any CPU
		{23CF9A01-9107-4871-A5A9-4D8BB49B6491}.Release|Any CPU.ActiveCfg = Release|Any CPU
		{23CF9A01-9107-4871-A5A9-4D8BB49B6491}.Release|Any CPU.Build.0 = Release|Any CPU
		{77474C76-DA3B-4074-9F5A-84C59BF445F7}.Debug|Any CPU.ActiveCfg = Debug|Any CPU
		{77474C76-DA3B-4074-9F5A-84C59BF445F7}.Debug|Any CPU.Build.0 = Debug|Any CPU
		{77474C76-DA3B-4074-9F5A-84C59BF445F7}.Release|Any CPU.ActiveCfg = Release|Any CPU
		{77474C76-DA3B-4074-9F5A-84C59BF445F7}.Release|Any CPU.Build.0 = Release|Any CPU
		{16F7BDA5-15C2-452A-B4B7-1F51031A96DE}.Debug|Any CPU.ActiveCfg = Debug|Any CPU
		{16F7BDA5-15C2-452A-B4B7-1F51031A96DE}.Debug|Any CPU.Build.0 = Debug|Any CPU
		{16F7BDA5-15C2-452A-B4B7-1F51031A96DE}.Release|Any CPU.ActiveCfg = Release|Any CPU
		{16F7BDA5-15C2-452A-B4B7-1F51031A96DE}.Release|Any CPU.Build.0 = Release|Any CPU
		{C9A38463-07FA-41E3-9C8A-A73307F5B662}.Debug|Any CPU.ActiveCfg = Debug|Any CPU
		{C9A38463-07FA-41E3-9C8A-A73307F5B662}.Debug|Any CPU.Build.0 = Debug|Any CPU
		{C9A38463-07FA-41E3-9C8A-A73307F5B662}.Release|Any CPU.ActiveCfg = Release|Any CPU
		{C9A38463-07FA-41E3-9C8A-A73307F5B662}.Release|Any CPU.Build.0 = Release|Any CPU
		{D33E7364-8D08-496D-BA09-1D18680D9A4E}.Debug|Any CPU.ActiveCfg = Debug|Any CPU
		{D33E7364-8D08-496D-BA09-1D18680D9A4E}.Debug|Any CPU.Build.0 = Debug|Any CPU
		{D33E7364-8D08-496D-BA09-1D18680D9A4E}.Release|Any CPU.ActiveCfg = Release|Any CPU
		{D33E7364-8D08-496D-BA09-1D18680D9A4E}.Release|Any CPU.Build.0 = Release|Any CPU
		{6DEC9C6B-6E63-4145-84F3-ADBA83D0AF34}.Debug|Any CPU.ActiveCfg = Debug|Any CPU
		{6DEC9C6B-6E63-4145-84F3-ADBA83D0AF34}.Debug|Any CPU.Build.0 = Debug|Any CPU
		{6DEC9C6B-6E63-4145-84F3-ADBA83D0AF34}.Release|Any CPU.ActiveCfg = Release|Any CPU
		{6DEC9C6B-6E63-4145-84F3-ADBA83D0AF34}.Release|Any CPU.Build.0 = Release|Any CPU
		{7A50E0F1-2C30-4037-AB7F-BD65D2C0B477}.Debug|Any CPU.ActiveCfg = Debug|Any CPU
		{7A50E0F1-2C30-4037-AB7F-BD65D2C0B477}.Debug|Any CPU.Build.0 = Debug|Any CPU
		{7A50E0F1-2C30-4037-AB7F-BD65D2C0B477}.Release|Any CPU.ActiveCfg = Release|Any CPU
		{7A50E0F1-2C30-4037-AB7F-BD65D2C0B477}.Release|Any CPU.Build.0 = Release|Any CPU
		{CEFFB77E-55DC-4AF2-98DC-E0FCB680D546}.Debug|Any CPU.ActiveCfg = Debug|Any CPU
		{CEFFB77E-55DC-4AF2-98DC-E0FCB680D546}.Debug|Any CPU.Build.0 = Debug|Any CPU
		{CEFFB77E-55DC-4AF2-98DC-E0FCB680D546}.Release|Any CPU.ActiveCfg = Release|Any CPU
		{CEFFB77E-55DC-4AF2-98DC-E0FCB680D546}.Release|Any CPU.Build.0 = Release|Any CPU
		{0443AA37-076A-4F41-85F7-695B2E9CE5A2}.Debug|Any CPU.ActiveCfg = Debug|Any CPU
		{0443AA37-076A-4F41-85F7-695B2E9CE5A2}.Debug|Any CPU.Build.0 = Debug|Any CPU
		{0443AA37-076A-4F41-85F7-695B2E9CE5A2}.Release|Any CPU.ActiveCfg = Release|Any CPU
		{0443AA37-076A-4F41-85F7-695B2E9CE5A2}.Release|Any CPU.Build.0 = Release|Any CPU
		{C78636DD-51F5-49F9-AE36-191A7B2DF0E2}.Debug|Any CPU.ActiveCfg = Debug|Any CPU
		{C78636DD-51F5-49F9-AE36-191A7B2DF0E2}.Debug|Any CPU.Build.0 = Debug|Any CPU
		{C78636DD-51F5-49F9-AE36-191A7B2DF0E2}.Release|Any CPU.ActiveCfg = Release|Any CPU
		{C78636DD-51F5-49F9-AE36-191A7B2DF0E2}.Release|Any CPU.Build.0 = Release|Any CPU
		{A1F3A589-9272-482A-A6A2-2FFF1C59C331}.Debug|Any CPU.ActiveCfg = Debug|Any CPU
		{A1F3A589-9272-482A-A6A2-2FFF1C59C331}.Debug|Any CPU.Build.0 = Debug|Any CPU
		{A1F3A589-9272-482A-A6A2-2FFF1C59C331}.Release|Any CPU.ActiveCfg = Release|Any CPU
		{A1F3A589-9272-482A-A6A2-2FFF1C59C331}.Release|Any CPU.Build.0 = Release|Any CPU
		{4CA52CD0-70CA-4D05-95EA-E1C3A1A6F00C}.Debug|Any CPU.ActiveCfg = Debug|Any CPU
		{4CA52CD0-70CA-4D05-95EA-E1C3A1A6F00C}.Debug|Any CPU.Build.0 = Debug|Any CPU
		{4CA52CD0-70CA-4D05-95EA-E1C3A1A6F00C}.Release|Any CPU.ActiveCfg = Release|Any CPU
		{4CA52CD0-70CA-4D05-95EA-E1C3A1A6F00C}.Release|Any CPU.Build.0 = Release|Any CPU
	EndGlobalSection
	GlobalSection(SolutionProperties) = preSolution
		HideSolutionNode = FALSE
	EndGlobalSection
EndGlobal
