
Microsoft Visual Studio Solution File, Format Version 11.00
# Visual Studio 2010
# SharpDevelop 4.4
Project("{FD48973F-F585-4F70-812B-4D0503B36CE9}") = "Pg485 SkateboardDesigner", "Pg485 SkateboardDesigner\Pg485 SkateboardDesigner.pyproj", "{D83C534A-42FD-48C4-8794-37AEBD436CE7}"
EndProject
Global
	GlobalSection(SolutionConfigurationPlatforms) = preSolution
		Debug|Any CPU = Debug|Any CPU
		Release|Any CPU = Release|Any CPU
	EndGlobalSection
	GlobalSection(ProjectConfigurationPlatforms) = postSolution
		{D83C534A-42FD-48C4-8794-37AEBD436CE7}.Debug|Any CPU.Build.0 = Debug|Any CPU
		{D83C534A-42FD-48C4-8794-37AEBD436CE7}.Debug|Any CPU.ActiveCfg = Debug|Any CPU
		{D83C534A-42FD-48C4-8794-37AEBD436CE7}.Release|Any CPU.Build.0 = Release|Any CPU
		{D83C534A-42FD-48C4-8794-37AEBD436CE7}.Release|Any CPU.ActiveCfg = Release|Any CPU
	EndGlobalSection
EndGlobal
